
Microsoft Visual Studio Solution File, Format Version 12.00
# Visual Studio Version 17
VisualStudioVersion = 17.0.31903.59
MinimumVisualStudioVersion = 10.0.40219.1
Project("{2150E333-8FDC-42A3-9474-1A3956D46DE8}") = "src", "src", "{827E0CD3-B72D-47B6-A68D-7590B98EB39B}"
EndProject
Project("{2150E333-8FDC-42A3-9474-1A3956D46DE8}") = "Services", "Services", "{984BB9B3-3FA3-BE33-9484-CAC21695A33C}"
EndProject
Project("{2150E333-8FDC-42A3-9474-1A3956D46DE8}") = "IdentityService", "IdentityService", "{3D2E8631-8982-4CD8-85A8-437089729894}"
EndProject
Project("{FAE04EC0-301F-11D3-BF4B-00C04F79EFBC}") = "IdentityService.API", "src\Services\IdentityService\IdentityService.API\IdentityService.API.csproj", "{0D5BD9C4-A1C9-46B0-9EE4-C08BB10F446A}"
EndProject
Project("{2150E333-8FDC-42A3-9474-1A3956D46DE8}") = "Shared", "Shared", "{C8E42992-5E42-0C2B-DBFE-AA848D06431C}"
EndProject
Project("{FAE04EC0-301F-11D3-BF4B-00C04F79EFBC}") = "Shared.Library", "src\Shared\Shared.Library\Shared.Library.csproj", "{94C46124-B5FC-4A1F-9AA9-489FE5908C43}"
EndProject
Project("{FAE04EC0-301F-11D3-BF4B-00C04F79EFBC}") = "IdentityService.Domain", "src\Services\IdentityService\IdentityService.Domain\IdentityService.Domain.csproj", "{3AB4597F-5BFF-4AED-B680-EA31458CC9F7}"
EndProject
Project("{FAE04EC0-301F-11D3-BF4B-00C04F79EFBC}") = "IdentityService.Application", "src\Services\IdentityService\IdentityService.Application\IdentityService.Application.csproj", "{BB3DDD19-02A8-48DE-BE9D-F1CE3D9BDA22}"
EndProject
Project("{FAE04EC0-301F-11D3-BF4B-00C04F79EFBC}") = "IdentityService.Infrastructure", "src\Services\IdentityService\IdentityService.Infrastructure\IdentityService.Infrastructure.csproj", "{E3FAE447-DE65-4D6C-9B59-CBDED6132376}"
EndProject
Project("{2150E333-8FDC-42A3-9474-1A3956D46DE8}") = "CompanyService", "CompanyService", "{67D6B526-7AAB-5BBB-228C-A409820F18B8}"
EndProject
Project("{FAE04EC0-301F-11D3-BF4B-00C04F79EFBC}") = "CompanyService.API", "src\Services\CompanyService\CompanyService.API\CompanyService.API.csproj", "{C70D0EAA-532B-4EB0-A51A-F9F4CAD219EA}"
EndProject
Project("{FAE04EC0-301F-11D3-BF4B-00C04F79EFBC}") = "CompanyService.Domain", "src\Services\CompanyService\CompanyService.Domain\CompanyService.Domain.csproj", "{844CEAA6-6332-4660-94EB-7F34CBE3F5EA}"
EndProject
Project("{FAE04EC0-301F-11D3-BF4B-00C04F79EFBC}") = "CompanyService.Application", "src\Services\CompanyService\CompanyService.Application\CompanyService.Application.csproj", "{02136A27-C9C4-4FEA-AD3F-7E9A9AE128A1}"
EndProject
Project("{FAE04EC0-301F-11D3-BF4B-00C04F79EFBC}") = "CompanyService.Infrastructure", "src\Services\CompanyService\CompanyService.Infrastructure\CompanyService.Infrastructure.csproj", "{B11D3775-C3AB-4C4A-B181-CCD6AA80B56E}"
EndProject
Project("{2150E333-8FDC-42A3-9474-1A3956D46DE8}") = "JobService", "JobService", "{EED46BDE-850E-C509-1804-4B82399CC581}"
EndProject
Project("{FAE04EC0-301F-11D3-BF4B-00C04F79EFBC}") = "JobService.API", "src\Services\JobService\JobService.API\JobService.API.csproj", "{60D814D5-CA2B-48AB-BE0A-96F61CCBEAC7}"
EndProject
Project("{FAE04EC0-301F-11D3-BF4B-00C04F79EFBC}") = "JobService.Domain", "src\Services\JobService\JobService.Domain\JobService.Domain.csproj", "{C152B872-2C36-4B79-8DB6-9C1E09375E21}"
EndProject
Project("{FAE04EC0-301F-11D3-BF4B-00C04F79EFBC}") = "JobService.Application", "src\Services\JobService\JobService.Application\JobService.Application.csproj", "{4A72B4A9-2256-4364-8F28-85201740AFD4}"
EndProject
Project("{FAE04EC0-301F-11D3-BF4B-00C04F79EFBC}") = "JobService.Infrastructure", "src\Services\JobService\JobService.Infrastructure\JobService.Infrastructure.csproj", "{D9C613AE-B571-4A06-AFF2-C1C21AC167FA}"
EndProject
Project("{2150E333-8FDC-42A3-9474-1A3956D46DE8}") = "CandidateService", "CandidateService", "{4A25818B-ECEE-F8F5-21CF-216B5E07D073}"
EndProject
Project("{FAE04EC0-301F-11D3-BF4B-00C04F79EFBC}") = "CandidateService.API", "src\Services\CandidateService\CandidateService.API\CandidateService.API.csproj", "{958DDE2A-1A6A-43C8-A54F-CA9F0204717A}"
EndProject
Project("{FAE04EC0-301F-11D3-BF4B-00C04F79EFBC}") = "CandidateService.Domain", "src\Services\CandidateService\CandidateService.Domain\CandidateService.Domain.csproj", "{4818D183-7DE7-415A-8452-0D558B57A525}"
EndProject
Project("{FAE04EC0-301F-11D3-BF4B-00C04F79EFBC}") = "CandidateService.Application", "src\Services\CandidateService\CandidateService.Application\CandidateService.Application.csproj", "{C41FD408-F317-4836-80D0-B7C111DBE06C}"
EndProject
Project("{FAE04EC0-301F-11D3-BF4B-00C04F79EFBC}") = "CandidateService.Infrastructure", "src\Services\CandidateService\CandidateService.Infrastructure\CandidateService.Infrastructure.csproj", "{F9DC010D-5BA1-4379-A43F-94CD9033178E}"
EndProject
Project("{2150E333-8FDC-42A3-9474-1A3956D46DE8}") = "ApplicationService", "ApplicationService", "{6F5DE244-4ECA-B9E3-F0EF-1DCCD530B650}"
EndProject
Project("{FAE04EC0-301F-11D3-BF4B-00C04F79EFBC}") = "ApplicationService.API", "src\Services\ApplicationService\ApplicationService.API\ApplicationService.API.csproj", "{84C4FBB9-B7FA-4115-93EC-CDFC4181B4AE}"
EndProject
Project("{FAE04EC0-301F-11D3-BF4B-00C04F79EFBC}") = "ApplicationService.Domain", "src\Services\ApplicationService\ApplicationService.Domain\ApplicationService.Domain.csproj", "{50434A56-5B5A-41BA-AF68-37495187C8AE}"
EndProject
Project("{FAE04EC0-301F-11D3-BF4B-00C04F79EFBC}") = "ApplicationService.Application", "src\Services\ApplicationService\ApplicationService.Application\ApplicationService.Application.csproj", "{BCD94A8E-F4C5-4723-8377-0B42E13696EF}"
EndProject
Project("{FAE04EC0-301F-11D3-BF4B-00C04F79EFBC}") = "ApplicationService.Infrastructure", "src\Services\ApplicationService\ApplicationService.Infrastructure\ApplicationService.Infrastructure.csproj", "{0D8D2000-8F8C-4064-96E6-DF7AD0E689F5}"
EndProject
Project("{2150E333-8FDC-42A3-9474-1A3956D46DE8}") = "Gateway", "Gateway", "{6306A8FB-679E-111F-6585-8F70E0EE6013}"
EndProject
Project("{FAE04EC0-301F-11D3-BF4B-00C04F79EFBC}") = "ApiGateway", "src\Gateway\ApiGateway\ApiGateway.csproj", "{97549331-D36A-4312-85F8-D617A1570A35}"
EndProject
Global
	GlobalSection(SolutionConfigurationPlatforms) = preSolution
		Debug|Any CPU = Debug|Any CPU
		Debug|x64 = Debug|x64
		Debug|x86 = Debug|x86
		Release|Any CPU = Release|Any CPU
		Release|x64 = Release|x64
		Release|x86 = Release|x86
	EndGlobalSection
	GlobalSection(ProjectConfigurationPlatforms) = postSolution
		{0D5BD9C4-A1C9-46B0-9EE4-C08BB10F446A}.Debug|Any CPU.ActiveCfg = Debug|Any CPU
		{0D5BD9C4-A1C9-46B0-9EE4-C08BB10F446A}.Debug|Any CPU.Build.0 = Debug|Any CPU
		{0D5BD9C4-A1C9-46B0-9EE4-C08BB10F446A}.Debug|x64.ActiveCfg = Debug|Any CPU
		{0D5BD9C4-A1C9-46B0-9EE4-C08BB10F446A}.Debug|x64.Build.0 = Debug|Any CPU
		{0D5BD9C4-A1C9-46B0-9EE4-C08BB10F446A}.Debug|x86.ActiveCfg = Debug|Any CPU
		{0D5BD9C4-A1C9-46B0-9EE4-C08BB10F446A}.Debug|x86.Build.0 = Debug|Any CPU
		{0D5BD9C4-A1C9-46B0-9EE4-C08BB10F446A}.Release|Any CPU.ActiveCfg = Release|Any CPU
		{0D5BD9C4-A1C9-46B0-9EE4-C08BB10F446A}.Release|Any CPU.Build.0 = Release|Any CPU
		{0D5BD9C4-A1C9-46B0-9EE4-C08BB10F446A}.Release|x64.ActiveCfg = Release|Any CPU
		{0D5BD9C4-A1C9-46B0-9EE4-C08BB10F446A}.Release|x64.Build.0 = Release|Any CPU
		{0D5BD9C4-A1C9-46B0-9EE4-C08BB10F446A}.Release|x86.ActiveCfg = Release|Any CPU
		{0D5BD9C4-A1C9-46B0-9EE4-C08BB10F446A}.Release|x86.Build.0 = Release|Any CPU
		{94C46124-B5FC-4A1F-9AA9-489FE5908C43}.Debug|Any CPU.ActiveCfg = Debug|Any CPU
		{94C46124-B5FC-4A1F-9AA9-489FE5908C43}.Debug|Any CPU.Build.0 = Debug|Any CPU
		{94C46124-B5FC-4A1F-9AA9-489FE5908C43}.Debug|x64.ActiveCfg = Debug|Any CPU
		{94C46124-B5FC-4A1F-9AA9-489FE5908C43}.Debug|x64.Build.0 = Debug|Any CPU
		{94C46124-B5FC-4A1F-9AA9-489FE5908C43}.Debug|x86.ActiveCfg = Debug|Any CPU
		{94C46124-B5FC-4A1F-9AA9-489FE5908C43}.Debug|x86.Build.0 = Debug|Any CPU
		{94C46124-B5FC-4A1F-9AA9-489FE5908C43}.Release|Any CPU.ActiveCfg = Release|Any CPU
		{94C46124-B5FC-4A1F-9AA9-489FE5908C43}.Release|Any CPU.Build.0 = Release|Any CPU
		{94C46124-B5FC-4A1F-9AA9-489FE5908C43}.Release|x64.ActiveCfg = Release|Any CPU
		{94C46124-B5FC-4A1F-9AA9-489FE5908C43}.Release|x64.Build.0 = Release|Any CPU
		{94C46124-B5FC-4A1F-9AA9-489FE5908C43}.Release|x86.ActiveCfg = Release|Any CPU
		{94C46124-B5FC-4A1F-9AA9-489FE5908C43}.Release|x86.Build.0 = Release|Any CPU
		{3AB4597F-5BFF-4AED-B680-EA31458CC9F7}.Debug|Any CPU.ActiveCfg = Debug|Any CPU
		{3AB4597F-5BFF-4AED-B680-EA31458CC9F7}.Debug|Any CPU.Build.0 = Debug|Any CPU
		{3AB4597F-5BFF-4AED-B680-EA31458CC9F7}.Debug|x64.ActiveCfg = Debug|Any CPU
		{3AB4597F-5BFF-4AED-B680-EA31458CC9F7}.Debug|x64.Build.0 = Debug|Any CPU
		{3AB4597F-5BFF-4AED-B680-EA31458CC9F7}.Debug|x86.ActiveCfg = Debug|Any CPU
		{3AB4597F-5BFF-4AED-B680-EA31458CC9F7}.Debug|x86.Build.0 = Debug|Any CPU
		{3AB4597F-5BFF-4AED-B680-EA31458CC9F7}.Release|Any CPU.ActiveCfg = Release|Any CPU
		{3AB4597F-5BFF-4AED-B680-EA31458CC9F7}.Release|Any CPU.Build.0 = Release|Any CPU
		{3AB4597F-5BFF-4AED-B680-EA31458CC9F7}.Release|x64.ActiveCfg = Release|Any CPU
		{3AB4597F-5BFF-4AED-B680-EA31458CC9F7}.Release|x64.Build.0 = Release|Any CPU
		{3AB4597F-5BFF-4AED-B680-EA31458CC9F7}.Release|x86.ActiveCfg = Release|Any CPU
		{3AB4597F-5BFF-4AED-B680-EA31458CC9F7}.Release|x86.Build.0 = Release|Any CPU
		{BB3DDD19-02A8-48DE-BE9D-F1CE3D9BDA22}.Debug|Any CPU.ActiveCfg = Debug|Any CPU
		{BB3DDD19-02A8-48DE-BE9D-F1CE3D9BDA22}.Debug|Any CPU.Build.0 = Debug|Any CPU
		{BB3DDD19-02A8-48DE-BE9D-F1CE3D9BDA22}.Debug|x64.ActiveCfg = Debug|Any CPU
		{BB3DDD19-02A8-48DE-BE9D-F1CE3D9BDA22}.Debug|x64.Build.0 = Debug|Any CPU
		{BB3DDD19-02A8-48DE-BE9D-F1CE3D9BDA22}.Debug|x86.ActiveCfg = Debug|Any CPU
		{BB3DDD19-02A8-48DE-BE9D-F1CE3D9BDA22}.Debug|x86.Build.0 = Debug|Any CPU
		{BB3DDD19-02A8-48DE-BE9D-F1CE3D9BDA22}.Release|Any CPU.ActiveCfg = Release|Any CPU
		{BB3DDD19-02A8-48DE-BE9D-F1CE3D9BDA22}.Release|Any CPU.Build.0 = Release|Any CPU
		{BB3DDD19-02A8-48DE-BE9D-F1CE3D9BDA22}.Release|x64.ActiveCfg = Release|Any CPU
		{BB3DDD19-02A8-48DE-BE9D-F1CE3D9BDA22}.Release|x64.Build.0 = Release|Any CPU
		{BB3DDD19-02A8-48DE-BE9D-F1CE3D9BDA22}.Release|x86.ActiveCfg = Release|Any CPU
		{BB3DDD19-02A8-48DE-BE9D-F1CE3D9BDA22}.Release|x86.Build.0 = Release|Any CPU
		{E3FAE447-DE65-4D6C-9B59-CBDED6132376}.Debug|Any CPU.ActiveCfg = Debug|Any CPU
		{E3FAE447-DE65-4D6C-9B59-CBDED6132376}.Debug|Any CPU.Build.0 = Debug|Any CPU
		{E3FAE447-DE65-4D6C-9B59-CBDED6132376}.Debug|x64.ActiveCfg = Debug|Any CPU
		{E3FAE447-DE65-4D6C-9B59-CBDED6132376}.Debug|x64.Build.0 = Debug|Any CPU
		{E3FAE447-DE65-4D6C-9B59-CBDED6132376}.Debug|x86.ActiveCfg = Debug|Any CPU
		{E3FAE447-DE65-4D6C-9B59-CBDED6132376}.Debug|x86.Build.0 = Debug|Any CPU
		{E3FAE447-DE65-4D6C-9B59-CBDED6132376}.Release|Any CPU.ActiveCfg = Release|Any CPU
		{E3FAE447-DE65-4D6C-9B59-CBDED6132376}.Release|Any CPU.Build.0 = Release|Any CPU
		{E3FAE447-DE65-4D6C-9B59-CBDED6132376}.Release|x64.ActiveCfg = Release|Any CPU
		{E3FAE447-DE65-4D6C-9B59-CBDED6132376}.Release|x64.Build.0 = Release|Any CPU
		{E3FAE447-DE65-4D6C-9B59-CBDED6132376}.Release|x86.ActiveCfg = Release|Any CPU
		{E3FAE447-DE65-4D6C-9B59-CBDED6132376}.Release|x86.Build.0 = Release|Any CPU
		{C70D0EAA-532B-4EB0-A51A-F9F4CAD219EA}.Debug|Any CPU.ActiveCfg = Debug|Any CPU
		{C70D0EAA-532B-4EB0-A51A-F9F4CAD219EA}.Debug|Any CPU.Build.0 = Debug|Any CPU
		{C70D0EAA-532B-4EB0-A51A-F9F4CAD219EA}.Debug|x64.ActiveCfg = Debug|Any CPU
		{C70D0EAA-532B-4EB0-A51A-F9F4CAD219EA}.Debug|x64.Build.0 = Debug|Any CPU
		{C70D0EAA-532B-4EB0-A51A-F9F4CAD219EA}.Debug|x86.ActiveCfg = Debug|Any CPU
		{C70D0EAA-532B-4EB0-A51A-F9F4CAD219EA}.Debug|x86.Build.0 = Debug|Any CPU
		{C70D0EAA-532B-4EB0-A51A-F9F4CAD219EA}.Release|Any CPU.ActiveCfg = Release|Any CPU
		{C70D0EAA-532B-4EB0-A51A-F9F4CAD219EA}.Release|Any CPU.Build.0 = Release|Any CPU
		{C70D0EAA-532B-4EB0-A51A-F9F4CAD219EA}.Release|x64.ActiveCfg = Release|Any CPU
		{C70D0EAA-532B-4EB0-A51A-F9F4CAD219EA}.Release|x64.Build.0 = Release|Any CPU
		{C70D0EAA-532B-4EB0-A51A-F9F4CAD219EA}.Release|x86.ActiveCfg = Release|Any CPU
		{C70D0EAA-532B-4EB0-A51A-F9F4CAD219EA}.Release|x86.Build.0 = Release|Any CPU
		{844CEAA6-6332-4660-94EB-7F34CBE3F5EA}.Debug|Any CPU.ActiveCfg = Debug|Any CPU
		{844CEAA6-6332-4660-94EB-7F34CBE3F5EA}.Debug|Any CPU.Build.0 = Debug|Any CPU
		{844CEAA6-6332-4660-94EB-7F34CBE3F5EA}.Debug|x64.ActiveCfg = Debug|Any CPU
		{844CEAA6-6332-4660-94EB-7F34CBE3F5EA}.Debug|x64.Build.0 = Debug|Any CPU
		{844CEAA6-6332-4660-94EB-7F34CBE3F5EA}.Debug|x86.ActiveCfg = Debug|Any CPU
		{844CEAA6-6332-4660-94EB-7F34CBE3F5EA}.Debug|x86.Build.0 = Debug|Any CPU
		{844CEAA6-6332-4660-94EB-7F34CBE3F5EA}.Release|Any CPU.ActiveCfg = Release|Any CPU
		{844CEAA6-6332-4660-94EB-7F34CBE3F5EA}.Release|Any CPU.Build.0 = Release|Any CPU
		{844CEAA6-6332-4660-94EB-7F34CBE3F5EA}.Release|x64.ActiveCfg = Release|Any CPU
		{844CEAA6-6332-4660-94EB-7F34CBE3F5EA}.Release|x64.Build.0 = Release|Any CPU
		{844CEAA6-6332-4660-94EB-7F34CBE3F5EA}.Release|x86.ActiveCfg = Release|Any CPU
		{844CEAA6-6332-4660-94EB-7F34CBE3F5EA}.Release|x86.Build.0 = Release|Any CPU
		{02136A27-C9C4-4FEA-AD3F-7E9A9AE128A1}.Debug|Any CPU.ActiveCfg = Debug|Any CPU
		{02136A27-C9C4-4FEA-AD3F-7E9A9AE128A1}.Debug|Any CPU.Build.0 = Debug|Any CPU
		{02136A27-C9C4-4FEA-AD3F-7E9A9AE128A1}.Debug|x64.ActiveCfg = Debug|Any CPU
		{02136A27-C9C4-4FEA-AD3F-7E9A9AE128A1}.Debug|x64.Build.0 = Debug|Any CPU
		{02136A27-C9C4-4FEA-AD3F-7E9A9AE128A1}.Debug|x86.ActiveCfg = Debug|Any CPU
		{02136A27-C9C4-4FEA-AD3F-7E9A9AE128A1}.Debug|x86.Build.0 = Debug|Any CPU
		{02136A27-C9C4-4FEA-AD3F-7E9A9AE128A1}.Release|Any CPU.ActiveCfg = Release|Any CPU
		{02136A27-C9C4-4FEA-AD3F-7E9A9AE128A1}.Release|Any CPU.Build.0 = Release|Any CPU
		{02136A27-C9C4-4FEA-AD3F-7E9A9AE128A1}.Release|x64.ActiveCfg = Release|Any CPU
		{02136A27-C9C4-4FEA-AD3F-7E9A9AE128A1}.Release|x64.Build.0 = Release|Any CPU
		{02136A27-C9C4-4FEA-AD3F-7E9A9AE128A1}.Release|x86.ActiveCfg = Release|Any CPU
		{02136A27-C9C4-4FEA-AD3F-7E9A9AE128A1}.Release|x86.Build.0 = Release|Any CPU
		{B11D3775-C3AB-4C4A-B181-CCD6AA80B56E}.Debug|Any CPU.ActiveCfg = Debug|Any CPU
		{B11D3775-C3AB-4C4A-B181-CCD6AA80B56E}.Debug|Any CPU.Build.0 = Debug|Any CPU
		{B11D3775-C3AB-4C4A-B181-CCD6AA80B56E}.Debug|x64.ActiveCfg = Debug|Any CPU
		{B11D3775-C3AB-4C4A-B181-CCD6AA80B56E}.Debug|x64.Build.0 = Debug|Any CPU
		{B11D3775-C3AB-4C4A-B181-CCD6AA80B56E}.Debug|x86.ActiveCfg = Debug|Any CPU
		{B11D3775-C3AB-4C4A-B181-CCD6AA80B56E}.Debug|x86.Build.0 = Debug|Any CPU
		{B11D3775-C3AB-4C4A-B181-CCD6AA80B56E}.Release|Any CPU.ActiveCfg = Release|Any CPU
		{B11D3775-C3AB-4C4A-B181-CCD6AA80B56E}.Release|Any CPU.Build.0 = Release|Any CPU
		{B11D3775-C3AB-4C4A-B181-CCD6AA80B56E}.Release|x64.ActiveCfg = Release|Any CPU
		{B11D3775-C3AB-4C4A-B181-CCD6AA80B56E}.Release|x64.Build.0 = Release|Any CPU
		{B11D3775-C3AB-4C4A-B181-CCD6AA80B56E}.Release|x86.ActiveCfg = Release|Any CPU
		{B11D3775-C3AB-4C4A-B181-CCD6AA80B56E}.Release|x86.Build.0 = Release|Any CPU
		{60D814D5-CA2B-48AB-BE0A-96F61CCBEAC7}.Debug|Any CPU.ActiveCfg = Debug|Any CPU
		{60D814D5-CA2B-48AB-BE0A-96F61CCBEAC7}.Debug|Any CPU.Build.0 = Debug|Any CPU
		{60D814D5-CA2B-48AB-BE0A-96F61CCBEAC7}.Debug|x64.ActiveCfg = Debug|Any CPU
		{60D814D5-CA2B-48AB-BE0A-96F61CCBEAC7}.Debug|x64.Build.0 = Debug|Any CPU
		{60D814D5-CA2B-48AB-BE0A-96F61CCBEAC7}.Debug|x86.ActiveCfg = Debug|Any CPU
		{60D814D5-CA2B-48AB-BE0A-96F61CCBEAC7}.Debug|x86.Build.0 = Debug|Any CPU
		{60D814D5-CA2B-48AB-BE0A-96F61CCBEAC7}.Release|Any CPU.ActiveCfg = Release|Any CPU
		{60D814D5-CA2B-48AB-BE0A-96F61CCBEAC7}.Release|Any CPU.Build.0 = Release|Any CPU
		{60D814D5-CA2B-48AB-BE0A-96F61CCBEAC7}.Release|x64.ActiveCfg = Release|Any CPU
		{60D814D5-CA2B-48AB-BE0A-96F61CCBEAC7}.Release|x64.Build.0 = Release|Any CPU
		{60D814D5-CA2B-48AB-BE0A-96F61CCBEAC7}.Release|x86.ActiveCfg = Release|Any CPU
		{60D814D5-CA2B-48AB-BE0A-96F61CCBEAC7}.Release|x86.Build.0 = Release|Any CPU
		{C152B872-2C36-4B79-8DB6-9C1E09375E21}.Debug|Any CPU.ActiveCfg = Debug|Any CPU
		{C152B872-2C36-4B79-8DB6-9C1E09375E21}.Debug|Any CPU.Build.0 = Debug|Any CPU
		{C152B872-2C36-4B79-8DB6-9C1E09375E21}.Debug|x64.ActiveCfg = Debug|Any CPU
		{C152B872-2C36-4B79-8DB6-9C1E09375E21}.Debug|x64.Build.0 = Debug|Any CPU
		{C152B872-2C36-4B79-8DB6-9C1E09375E21}.Debug|x86.ActiveCfg = Debug|Any CPU
		{C152B872-2C36-4B79-8DB6-9C1E09375E21}.Debug|x86.Build.0 = Debug|Any CPU
		{C152B872-2C36-4B79-8DB6-9C1E09375E21}.Release|Any CPU.ActiveCfg = Release|Any CPU
		{C152B872-2C36-4B79-8DB6-9C1E09375E21}.Release|Any CPU.Build.0 = Release|Any CPU
		{C152B872-2C36-4B79-8DB6-9C1E09375E21}.Release|x64.ActiveCfg = Release|Any CPU
		{C152B872-2C36-4B79-8DB6-9C1E09375E21}.Release|x64.Build.0 = Release|Any CPU
		{C152B872-2C36-4B79-8DB6-9C1E09375E21}.Release|x86.ActiveCfg = Release|Any CPU
		{C152B872-2C36-4B79-8DB6-9C1E09375E21}.Release|x86.Build.0 = Release|Any CPU
		{4A72B4A9-2256-4364-8F28-85201740AFD4}.Debug|Any CPU.ActiveCfg = Debug|Any CPU
		{4A72B4A9-2256-4364-8F28-85201740AFD4}.Debug|Any CPU.Build.0 = Debug|Any CPU
		{4A72B4A9-2256-4364-8F28-85201740AFD4}.Debug|x64.ActiveCfg = Debug|Any CPU
		{4A72B4A9-2256-4364-8F28-85201740AFD4}.Debug|x64.Build.0 = Debug|Any CPU
		{4A72B4A9-2256-4364-8F28-85201740AFD4}.Debug|x86.ActiveCfg = Debug|Any CPU
		{4A72B4A9-2256-4364-8F28-85201740AFD4}.Debug|x86.Build.0 = Debug|Any CPU
		{4A72B4A9-2256-4364-8F28-85201740AFD4}.Release|Any CPU.ActiveCfg = Release|Any CPU
		{4A72B4A9-2256-4364-8F28-85201740AFD4}.Release|Any CPU.Build.0 = Release|Any CPU
		{4A72B4A9-2256-4364-8F28-85201740AFD4}.Release|x64.ActiveCfg = Release|Any CPU
		{4A72B4A9-2256-4364-8F28-85201740AFD4}.Release|x64.Build.0 = Release|Any CPU
		{4A72B4A9-2256-4364-8F28-85201740AFD4}.Release|x86.ActiveCfg = Release|Any CPU
		{4A72B4A9-2256-4364-8F28-85201740AFD4}.Release|x86.Build.0 = Release|Any CPU
		{D9C613AE-B571-4A06-AFF2-C1C21AC167FA}.Debug|Any CPU.ActiveCfg = Debug|Any CPU
		{D9C613AE-B571-4A06-AFF2-C1C21AC167FA}.Debug|Any CPU.Build.0 = Debug|Any CPU
		{D9C613AE-B571-4A06-AFF2-C1C21AC167FA}.Debug|x64.ActiveCfg = Debug|Any CPU
		{D9C613AE-B571-4A06-AFF2-C1C21AC167FA}.Debug|x64.Build.0 = Debug|Any CPU
		{D9C613AE-B571-4A06-AFF2-C1C21AC167FA}.Debug|x86.ActiveCfg = Debug|Any CPU
		{D9C613AE-B571-4A06-AFF2-C1C21AC167FA}.Debug|x86.Build.0 = Debug|Any CPU
		{D9C613AE-B571-4A06-AFF2-C1C21AC167FA}.Release|Any CPU.ActiveCfg = Release|Any CPU
		{D9C613AE-B571-4A06-AFF2-C1C21AC167FA}.Release|Any CPU.Build.0 = Release|Any CPU
		{D9C613AE-B571-4A06-AFF2-C1C21AC167FA}.Release|x64.ActiveCfg = Release|Any CPU
		{D9C613AE-B571-4A06-AFF2-C1C21AC167FA}.Release|x64.Build.0 = Release|Any CPU
		{D9C613AE-B571-4A06-AFF2-C1C21AC167FA}.Release|x86.ActiveCfg = Release|Any CPU
		{D9C613AE-B571-4A06-AFF2-C1C21AC167FA}.Release|x86.Build.0 = Release|Any CPU
		{958DDE2A-1A6A-43C8-A54F-CA9F0204717A}.Debug|Any CPU.ActiveCfg = Debug|Any CPU
		{958DDE2A-1A6A-43C8-A54F-CA9F0204717A}.Debug|Any CPU.Build.0 = Debug|Any CPU
		{958DDE2A-1A6A-43C8-A54F-CA9F0204717A}.Debug|x64.ActiveCfg = Debug|Any CPU
		{958DDE2A-1A6A-43C8-A54F-CA9F0204717A}.Debug|x64.Build.0 = Debug|Any CPU
		{958DDE2A-1A6A-43C8-A54F-CA9F0204717A}.Debug|x86.ActiveCfg = Debug|Any CPU
		{958DDE2A-1A6A-43C8-A54F-CA9F0204717A}.Debug|x86.Build.0 = Debug|Any CPU
		{958DDE2A-1A6A-43C8-A54F-CA9F0204717A}.Release|Any CPU.ActiveCfg = Release|Any CPU
		{958DDE2A-1A6A-43C8-A54F-CA9F0204717A}.Release|Any CPU.Build.0 = Release|Any CPU
		{958DDE2A-1A6A-43C8-A54F-CA9F0204717A}.Release|x64.ActiveCfg = Release|Any CPU
		{958DDE2A-1A6A-43C8-A54F-CA9F0204717A}.Release|x64.Build.0 = Release|Any CPU
		{958DDE2A-1A6A-43C8-A54F-CA9F0204717A}.Release|x86.ActiveCfg = Release|Any CPU
		{958DDE2A-1A6A-43C8-A54F-CA9F0204717A}.Release|x86.Build.0 = Release|Any CPU
		{4818D183-7DE7-415A-8452-0D558B57A525}.Debug|Any CPU.ActiveCfg = Debug|Any CPU
		{4818D183-7DE7-415A-8452-0D558B57A525}.Debug|Any CPU.Build.0 = Debug|Any CPU
		{4818D183-7DE7-415A-8452-0D558B57A525}.Debug|x64.ActiveCfg = Debug|Any CPU
		{4818D183-7DE7-415A-8452-0D558B57A525}.Debug|x64.Build.0 = Debug|Any CPU
		{4818D183-7DE7-415A-8452-0D558B57A525}.Debug|x86.ActiveCfg = Debug|Any CPU
		{4818D183-7DE7-415A-8452-0D558B57A525}.Debug|x86.Build.0 = Debug|Any CPU
		{4818D183-7DE7-415A-8452-0D558B57A525}.Release|Any CPU.ActiveCfg = Release|Any CPU
		{4818D183-7DE7-415A-8452-0D558B57A525}.Release|Any CPU.Build.0 = Release|Any CPU
		{4818D183-7DE7-415A-8452-0D558B57A525}.Release|x64.ActiveCfg = Release|Any CPU
		{4818D183-7DE7-415A-8452-0D558B57A525}.Release|x64.Build.0 = Release|Any CPU
		{4818D183-7DE7-415A-8452-0D558B57A525}.Release|x86.ActiveCfg = Release|Any CPU
		{4818D183-7DE7-415A-8452-0D558B57A525}.Release|x86.Build.0 = Release|Any CPU
		{C41FD408-F317-4836-80D0-B7C111DBE06C}.Debug|Any CPU.ActiveCfg = Debug|Any CPU
		{C41FD408-F317-4836-80D0-B7C111DBE06C}.Debug|Any CPU.Build.0 = Debug|Any CPU
		{C41FD408-F317-4836-80D0-B7C111DBE06C}.Debug|x64.ActiveCfg = Debug|Any CPU
		{C41FD408-F317-4836-80D0-B7C111DBE06C}.Debug|x64.Build.0 = Debug|Any CPU
		{C41FD408-F317-4836-80D0-B7C111DBE06C}.Debug|x86.ActiveCfg = Debug|Any CPU
		{C41FD408-F317-4836-80D0-B7C111DBE06C}.Debug|x86.Build.0 = Debug|Any CPU
		{C41FD408-F317-4836-80D0-B7C111DBE06C}.Release|Any CPU.ActiveCfg = Release|Any CPU
		{C41FD408-F317-4836-80D0-B7C111DBE06C}.Release|Any CPU.Build.0 = Release|Any CPU
		{C41FD408-F317-4836-80D0-B7C111DBE06C}.Release|x64.ActiveCfg = Release|Any CPU
		{C41FD408-F317-4836-80D0-B7C111DBE06C}.Release|x64.Build.0 = Release|Any CPU
		{C41FD408-F317-4836-80D0-B7C111DBE06C}.Release|x86.ActiveCfg = Release|Any CPU
		{C41FD408-F317-4836-80D0-B7C111DBE06C}.Release|x86.Build.0 = Release|Any CPU
		{F9DC010D-5BA1-4379-A43F-94CD9033178E}.Debug|Any CPU.ActiveCfg = Debug|Any CPU
		{F9DC010D-5BA1-4379-A43F-94CD9033178E}.Debug|Any CPU.Build.0 = Debug|Any CPU
		{F9DC010D-5BA1-4379-A43F-94CD9033178E}.Debug|x64.ActiveCfg = Debug|Any CPU
		{F9DC010D-5BA1-4379-A43F-94CD9033178E}.Debug|x64.Build.0 = Debug|Any CPU
		{F9DC010D-5BA1-4379-A43F-94CD9033178E}.Debug|x86.ActiveCfg = Debug|Any CPU
		{F9DC010D-5BA1-4379-A43F-94CD9033178E}.Debug|x86.Build.0 = Debug|Any CPU
		{F9DC010D-5BA1-4379-A43F-94CD9033178E}.Release|Any CPU.ActiveCfg = Release|Any CPU
		{F9DC010D-5BA1-4379-A43F-94CD9033178E}.Release|Any CPU.Build.0 = Release|Any CPU
		{F9DC010D-5BA1-4379-A43F-94CD9033178E}.Release|x64.ActiveCfg = Release|Any CPU
		{F9DC010D-5BA1-4379-A43F-94CD9033178E}.Release|x64.Build.0 = Release|Any CPU
		{F9DC010D-5BA1-4379-A43F-94CD9033178E}.Release|x86.ActiveCfg = Release|Any CPU
		{F9DC010D-5BA1-4379-A43F-94CD9033178E}.Release|x86.Build.0 = Release|Any CPU
		{84C4FBB9-B7FA-4115-93EC-CDFC4181B4AE}.Debug|Any CPU.ActiveCfg = Debug|Any CPU
		{84C4FBB9-B7FA-4115-93EC-CDFC4181B4AE}.Debug|Any CPU.Build.0 = Debug|Any CPU
		{84C4FBB9-B7FA-4115-93EC-CDFC4181B4AE}.Debug|x64.ActiveCfg = Debug|Any CPU
		{84C4FBB9-B7FA-4115-93EC-CDFC4181B4AE}.Debug|x64.Build.0 = Debug|Any CPU
		{84C4FBB9-B7FA-4115-93EC-CDFC4181B4AE}.Debug|x86.ActiveCfg = Debug|Any CPU
		{84C4FBB9-B7FA-4115-93EC-CDFC4181B4AE}.Debug|x86.Build.0 = Debug|Any CPU
		{84C4FBB9-B7FA-4115-93EC-CDFC4181B4AE}.Release|Any CPU.ActiveCfg = Release|Any CPU
		{84C4FBB9-B7FA-4115-93EC-CDFC4181B4AE}.Release|Any CPU.Build.0 = Release|Any CPU
		{84C4FBB9-B7FA-4115-93EC-CDFC4181B4AE}.Release|x64.ActiveCfg = Release|Any CPU
		{84C4FBB9-B7FA-4115-93EC-CDFC4181B4AE}.Release|x64.Build.0 = Release|Any CPU
		{84C4FBB9-B7FA-4115-93EC-CDFC4181B4AE}.Release|x86.ActiveCfg = Release|Any CPU
		{84C4FBB9-B7FA-4115-93EC-CDFC4181B4AE}.Release|x86.Build.0 = Release|Any CPU
		{50434A56-5B5A-41BA-AF68-37495187C8AE}.Debug|Any CPU.ActiveCfg = Debug|Any CPU
		{50434A56-5B5A-41BA-AF68-37495187C8AE}.Debug|Any CPU.Build.0 = Debug|Any CPU
		{50434A56-5B5A-41BA-AF68-37495187C8AE}.Debug|x64.ActiveCfg = Debug|Any CPU
		{50434A56-5B5A-41BA-AF68-37495187C8AE}.Debug|x64.Build.0 = Debug|Any CPU
		{50434A56-5B5A-41BA-AF68-37495187C8AE}.Debug|x86.ActiveCfg = Debug|Any CPU
		{50434A56-5B5A-41BA-AF68-37495187C8AE}.Debug|x86.Build.0 = Debug|Any CPU
		{50434A56-5B5A-41BA-AF68-37495187C8AE}.Release|Any CPU.ActiveCfg = Release|Any CPU
		{50434A56-5B5A-41BA-AF68-37495187C8AE}.Release|Any CPU.Build.0 = Release|Any CPU
		{50434A56-5B5A-41BA-AF68-37495187C8AE}.Release|x64.ActiveCfg = Release|Any CPU
		{50434A56-5B5A-41BA-AF68-37495187C8AE}.Release|x64.Build.0 = Release|Any CPU
		{50434A56-5B5A-41BA-AF68-37495187C8AE}.Release|x86.ActiveCfg = Release|Any CPU
		{50434A56-5B5A-41BA-AF68-37495187C8AE}.Release|x86.Build.0 = Release|Any CPU
		{BCD94A8E-F4C5-4723-8377-0B42E13696EF}.Debug|Any CPU.ActiveCfg = Debug|Any CPU
		{BCD94A8E-F4C5-4723-8377-0B42E13696EF}.Debug|Any CPU.Build.0 = Debug|Any CPU
		{BCD94A8E-F4C5-4723-8377-0B42E13696EF}.Debug|x64.ActiveCfg = Debug|Any CPU
		{BCD94A8E-F4C5-4723-8377-0B42E13696EF}.Debug|x64.Build.0 = Debug|Any CPU
		{BCD94A8E-F4C5-4723-8377-0B42E13696EF}.Debug|x86.ActiveCfg = Debug|Any CPU
		{BCD94A8E-F4C5-4723-8377-0B42E13696EF}.Debug|x86.Build.0 = Debug|Any CPU
		{BCD94A8E-F4C5-4723-8377-0B42E13696EF}.Release|Any CPU.ActiveCfg = Release|Any CPU
		{BCD94A8E-F4C5-4723-8377-0B42E13696EF}.Release|Any CPU.Build.0 = Release|Any CPU
		{BCD94A8E-F4C5-4723-8377-0B42E13696EF}.Release|x64.ActiveCfg = Release|Any CPU
		{BCD94A8E-F4C5-4723-8377-0B42E13696EF}.Release|x64.Build.0 = Release|Any CPU
		{BCD94A8E-F4C5-4723-8377-0B42E13696EF}.Release|x86.ActiveCfg = Release|Any CPU
		{BCD94A8E-F4C5-4723-8377-0B42E13696EF}.Release|x86.Build.0 = Release|Any CPU
		{0D8D2000-8F8C-4064-96E6-DF7AD0E689F5}.Debug|Any CPU.ActiveCfg = Debug|Any CPU
		{0D8D2000-8F8C-4064-96E6-DF7AD0E689F5}.Debug|Any CPU.Build.0 = Debug|Any CPU
		{0D8D2000-8F8C-4064-96E6-DF7AD0E689F5}.Debug|x64.ActiveCfg = Debug|Any CPU
		{0D8D2000-8F8C-4064-96E6-DF7AD0E689F5}.Debug|x64.Build.0 = Debug|Any CPU
		{0D8D2000-8F8C-4064-96E6-DF7AD0E689F5}.Debug|x86.ActiveCfg = Debug|Any CPU
		{0D8D2000-8F8C-4064-96E6-DF7AD0E689F5}.Debug|x86.Build.0 = Debug|Any CPU
		{0D8D2000-8F8C-4064-96E6-DF7AD0E689F5}.Release|Any CPU.ActiveCfg = Release|Any CPU
		{0D8D2000-8F8C-4064-96E6-DF7AD0E689F5}.Release|Any CPU.Build.0 = Release|Any CPU
		{0D8D2000-8F8C-4064-96E6-DF7AD0E689F5}.Release|x64.ActiveCfg = Release|Any CPU
		{0D8D2000-8F8C-4064-96E6-DF7AD0E689F5}.Release|x64.Build.0 = Release|Any CPU
		{0D8D2000-8F8C-4064-96E6-DF7AD0E689F5}.Release|x86.ActiveCfg = Release|Any CPU
		{0D8D2000-8F8C-4064-96E6-DF7AD0E689F5}.Release|x86.Build.0 = Release|Any CPU
		{97549331-D36A-4312-85F8-D617A1570A35}.Debug|Any CPU.ActiveCfg = Debug|Any CPU
		{97549331-D36A-4312-85F8-D617A1570A35}.Debug|Any CPU.Build.0 = Debug|Any CPU
		{97549331-D36A-4312-85F8-D617A1570A35}.Debug|x64.ActiveCfg = Debug|Any CPU
		{97549331-D36A-4312-85F8-D617A1570A35}.Debug|x64.Build.0 = Debug|Any CPU
		{97549331-D36A-4312-85F8-D617A1570A35}.Debug|x86.ActiveCfg = Debug|Any CPU
		{97549331-D36A-4312-85F8-D617A1570A35}.Debug|x86.Build.0 = Debug|Any CPU
		{97549331-D36A-4312-85F8-D617A1570A35}.Release|Any CPU.ActiveCfg = Release|Any CPU
		{97549331-D36A-4312-85F8-D617A1570A35}.Release|Any CPU.Build.0 = Release|Any CPU
		{97549331-D36A-4312-85F8-D617A1570A35}.Release|x64.ActiveCfg = Release|Any CPU
		{97549331-D36A-4312-85F8-D617A1570A35}.Release|x64.Build.0 = Release|Any CPU
		{97549331-D36A-4312-85F8-D617A1570A35}.Release|x86.ActiveCfg = Release|Any CPU
		{97549331-D36A-4312-85F8-D617A1570A35}.Release|x86.Build.0 = Release|Any CPU
	EndGlobalSection
	GlobalSection(SolutionProperties) = preSolution
		HideSolutionNode = FALSE
	EndGlobalSection
	GlobalSection(NestedProjects) = preSolution
		{984BB9B3-3FA3-BE33-9484-CAC21695A33C} = {827E0CD3-B72D-47B6-A68D-7590B98EB39B}
		{3D2E8631-8982-4CD8-85A8-437089729894} = {984BB9B3-3FA3-BE33-9484-CAC21695A33C}
		{0D5BD9C4-A1C9-46B0-9EE4-C08BB10F446A} = {3D2E8631-8982-4CD8-85A8-437089729894}
		{C8E42992-5E42-0C2B-DBFE-AA848D06431C} = {827E0CD3-B72D-47B6-A68D-7590B98EB39B}
		{94C46124-B5FC-4A1F-9AA9-489FE5908C43} = {C8E42992-5E42-0C2B-DBFE-AA848D06431C}
		{3AB4597F-5BFF-4AED-B680-EA31458CC9F7} = {3D2E8631-8982-4CD8-85A8-437089729894}
		{BB3DDD19-02A8-48DE-BE9D-F1CE3D9BDA22} = {3D2E8631-8982-4CD8-85A8-437089729894}
		{E3FAE447-DE65-4D6C-9B59-CBDED6132376} = {3D2E8631-8982-4CD8-85A8-437089729894}
		{67D6B526-7AAB-5BBB-228C-A409820F18B8} = {984BB9B3-3FA3-BE33-9484-CAC21695A33C}
		{C70D0EAA-532B-4EB0-A51A-F9F4CAD219EA} = {67D6B526-7AAB-5BBB-228C-A409820F18B8}
		{844CEAA6-6332-4660-94EB-7F34CBE3F5EA} = {67D6B526-7AAB-5BBB-228C-A409820F18B8}
		{02136A27-C9C4-4FEA-AD3F-7E9A9AE128A1} = {67D6B526-7AAB-5BBB-228C-A409820F18B8}
		{B11D3775-C3AB-4C4A-B181-CCD6AA80B56E} = {67D6B526-7AAB-5BBB-228C-A409820F18B8}
		{EED46BDE-850E-C509-1804-4B82399CC581} = {984BB9B3-3FA3-BE33-9484-CAC21695A33C}
		{60D814D5-CA2B-48AB-BE0A-96F61CCBEAC7} = {EED46BDE-850E-C509-1804-4B82399CC581}
		{C152B872-2C36-4B79-8DB6-9C1E09375E21} = {EED46BDE-850E-C509-1804-4B82399CC581}
		{4A72B4A9-2256-4364-8F28-85201740AFD4} = {EED46BDE-850E-C509-1804-4B82399CC581}
		{D9C613AE-B571-4A06-AFF2-C1C21AC167FA} = {EED46BDE-850E-C509-1804-4B82399CC581}
		{4A25818B-ECEE-F8F5-21CF-216B5E07D073} = {984BB9B3-3FA3-BE33-9484-CAC21695A33C}
		{958DDE2A-1A6A-43C8-A54F-CA9F0204717A} = {4A25818B-ECEE-F8F5-21CF-216B5E07D073}
		{4818D183-7DE7-415A-8452-0D558B57A525} = {4A25818B-ECEE-F8F5-21CF-216B5E07D073}
		{C41FD408-F317-4836-80D0-B7C111DBE06C} = {4A25818B-ECEE-F8F5-21CF-216B5E07D073}
		{F9DC010D-5BA1-4379-A43F-94CD9033178E} = {4A25818B-ECEE-F8F5-21CF-216B5E07D073}
		{6F5DE244-4ECA-B9E3-F0EF-1DCCD530B650} = {984BB9B3-3FA3-BE33-9484-CAC21695A33C}
		{84C4FBB9-B7FA-4115-93EC-CDFC4181B4AE} = {6F5DE244-4ECA-B9E3-F0EF-1DCCD530B650}
		{50434A56-5B5A-41BA-AF68-37495187C8AE} = {6F5DE244-4ECA-B9E3-F0EF-1DCCD530B650}
		{BCD94A8E-F4C5-4723-8377-0B42E13696EF} = {6F5DE244-4ECA-B9E3-F0EF-1DCCD530B650}
		{0D8D2000-8F8C-4064-96E6-DF7AD0E689F5} = {6F5DE244-4ECA-B9E3-F0EF-1DCCD530B650}
		{6306A8FB-679E-111F-6585-8F70E0EE6013} = {827E0CD3-B72D-47B6-A68D-7590B98EB39B}
		{97549331-D36A-4312-85F8-D617A1570A35} = {6306A8FB-679E-111F-6585-8F70E0EE6013}
	EndGlobalSection
EndGlobal
